<?xml version="1.0" encoding="utf-8"?>
<Project ToolsVersion="4.0" xmlns="http://schemas.microsoft.com/developer/msbuild/2003">
  <ItemGroup>
    <Filter Include="Source Files">
      <UniqueIdentifier>{4FC737F1-C7A5-4376-A066-2A32D752A2FF}</UniqueIdentifier>
      <Extensions>cpp;c;cc;cxx;def;odl;idl;hpj;bat;asm;asmx</Extensions>
    </Filter>
    <Filter Include="Header Files">
      <UniqueIdentifier>{93995380-89BD-4b04-88EB-625FBE52EBFB}</UniqueIdentifier>
      <Extensions>h;hh;hpp;hxx;hm;inl;inc;ipp;xsd</Extensions>
    </Filter>
    <Filter Include="Resource Files">
      <UniqueIdentifier>{67DA6AB6-F800-4c08-8B7A-83BB121AAD01}</UniqueIdentifier>
      <Extensions>rc;ico;cur;bmp;dlg;rc2;rct;bin;rgs;gif;jpg;jpeg;jpe;resx;tiff;tif;png;wav;mfcribbon-ms</Extensions>
    </Filter>
  </ItemGroup>
  <ItemGroup>
    <ClCompile Include="TrecCode.cpp">
      <Filter>Source Files</Filter>
    </ClCompile>
    <ClCompile Include="stdafx.cpp">
      <Filter>Source Files</Filter>
    </ClCompile>
    <ClCompile Include="dllmain.cpp">
      <Filter>Source Files</Filter>
    </ClCompile>
    <ClCompile Include="VariableList.cpp">
      <Filter>Source Files</Filter>
    </ClCompile>
    <ClCompile Include="VariableContainer.cpp">
      <Filter>Source Files</Filter>
    </ClCompile>
    <ClCompile Include="VariableTree.cpp">
      <Filter>Source Files</Filter>
    </ClCompile>
    <ClCompile Include="BNFTag.cpp">
      <Filter>Source Files</Filter>
    </ClCompile>
    <ClCompile Include="TInterpretor.cpp">
      <Filter>Source Files</Filter>
    </ClCompile>
    <ClCompile Include="SimpleTag.cpp">
      <Filter>Source Files</Filter>
    </ClCompile>
    <ClCompile Include="AddExpressionTag.cpp">
      <Filter>Source Files</Filter>
    </ClCompile>
    <ClCompile Include="NullTag.cpp">
      <Filter>Source Files</Filter>
    </ClCompile>
    <ClCompile Include="TrueTag.cpp">
      <Filter>Source Files</Filter>
    </ClCompile>
    <ClCompile Include="FalseTag.cpp">
      <Filter>Source Files</Filter>
    </ClCompile>
    <ClCompile Include="VarTag.cpp">
      <Filter>Source Files</Filter>
    </ClCompile>
    <ClCompile Include="BreakTag.cpp">
      <Filter>Source Files</Filter>
    </ClCompile>
    <ClCompile Include="ContinueTag.cpp">
      <Filter>Source Files</Filter>
    </ClCompile>
    <ClCompile Include="DoubleOpTag.cpp">
      <Filter>Source Files</Filter>
    </ClCompile>
    <ClCompile Include="SubtractExpressionTag.cpp">
      <Filter>Source Files</Filter>
    </ClCompile>
    <ClCompile Include="MultipExpressionTag.cpp">
      <Filter>Source Files</Filter>
    </ClCompile>
    <ClCompile Include="DivExpressionTag.cpp">
      <Filter>Source Files</Filter>
    </ClCompile>
    <ClCompile Include="F_DivExpressionTag.cpp">
      <Filter>Source Files</Filter>
    </ClCompile>
    <ClCompile Include="ModExpressionTag.cpp">
      <Filter>Source Files</Filter>
    </ClCompile>
    <ClCompile Include="PowerTag.cpp">
      <Filter>Source Files</Filter>
    </ClCompile>
    <ClCompile Include="AndExpression.cpp">
      <Filter>Source Files</Filter>
    </ClCompile>
    <ClCompile Include="OrExpression.cpp">
      <Filter>Source Files</Filter>
    </ClCompile>
    <ClCompile Include="IntLanguage.cpp">
      <Filter>Source Files</Filter>
    </ClCompile>
    <ClCompile Include="EnvManager.cpp">
      <Filter>Source Files</Filter>
    </ClCompile>
    <ClCompile Include="ConditionalBlockTag.cpp">
      <Filter>Source Files</Filter>
    </ClCompile>
    <ClCompile Include="BlockTag.cpp">
      <Filter>Source Files</Filter>
    </ClCompile>
    <ClCompile Include="ProcedureBlockTag.cpp">
      <Filter>Source Files</Filter>
    </ClCompile>
  </ItemGroup>
  <ItemGroup>
    <None Include="TrecCode.def">
      <Filter>Source Files</Filter>
    </None>
    <None Include="res\TrecCode.rc2">
      <Filter>Resource Files</Filter>
    </None>
  </ItemGroup>
  <ItemGroup>
    <ClInclude Include="stdafx.h">
      <Filter>Header Files</Filter>
    </ClInclude>
    <ClInclude Include="targetver.h">
      <Filter>Header Files</Filter>
    </ClInclude>
    <ClInclude Include="Resource.h">
      <Filter>Header Files</Filter>
    </ClInclude>
    <ClInclude Include="VariableList.h">
      <Filter>Header Files</Filter>
    </ClInclude>
    <ClInclude Include="VariableContainer.h">
      <Filter>Header Files</Filter>
    </ClInclude>
    <ClInclude Include="VariableTree.h">
      <Filter>Header Files</Filter>
    </ClInclude>
    <ClInclude Include="BNFTag.h">
      <Filter>Header Files</Filter>
    </ClInclude>
    <ClInclude Include="TInterpretor.h">
      <Filter>Header Files</Filter>
    </ClInclude>
    <ClInclude Include="SimpleTag.h">
      <Filter>Header Files</Filter>
    </ClInclude>
    <ClInclude Include="AddExpressionTag.h">
      <Filter>Header Files</Filter>
    </ClInclude>
    <ClInclude Include="NullTag.h">
      <Filter>Header Files</Filter>
    </ClInclude>
    <ClInclude Include="TrueTag.h">
      <Filter>Header Files</Filter>
    </ClInclude>
    <ClInclude Include="FalseTag.h">
      <Filter>Header Files</Filter>
    </ClInclude>
    <ClInclude Include="VarTag.h">
      <Filter>Header Files</Filter>
    </ClInclude>
    <ClInclude Include="BreakTag.h">
      <Filter>Header Files</Filter>
    </ClInclude>
    <ClInclude Include="ContinueTag.h">
      <Filter>Header Files</Filter>
    </ClInclude>
    <ClInclude Include="DoubleOpTag.h">
      <Filter>Header Files</Filter>
    </ClInclude>
    <ClInclude Include="SubtractExpressionTag.h">
      <Filter>Header Files</Filter>
    </ClInclude>
    <ClInclude Include="MultipExpressionTag.h">
      <Filter>Header Files</Filter>
    </ClInclude>
    <ClInclude Include="DivExpressionTag.h">
      <Filter>Header Files</Filter>
    </ClInclude>
    <ClInclude Include="F_DivExpressionTag.h">
      <Filter>Header Files</Filter>
    </ClInclude>
    <ClInclude Include="ModExpressionTag.h">
      <Filter>Header Files</Filter>
    </ClInclude>
    <ClInclude Include="PowerTag.h">
      <Filter>Header Files</Filter>
    </ClInclude>
    <ClInclude Include="AndExpression.h">
      <Filter>Header Files</Filter>
    </ClInclude>
    <ClInclude Include="OrExpression.h">
      <Filter>Header Files</Filter>
    </ClInclude>
    <ClInclude Include="IntLanguage.h">
      <Filter>Header Files</Filter>
    </ClInclude>
    <ClInclude Include="EnvManager.h">
      <Filter>Header Files</Filter>
    </ClInclude>
    <ClInclude Include="TrecCode.h">
      <Filter>Header Files</Filter>
    </ClInclude>
    <ClInclude Include="TagHeaders.h">
      <Filter>Header Files</Filter>
    </ClInclude>
    <ClInclude Include="ConditionalBlockTag.h">
      <Filter>Header Files</Filter>
    </ClInclude>
    <ClInclude Include="BlockTag.h">
      <Filter>Header Files</Filter>
    </ClInclude>
    <ClInclude Include="ProcedureBlockTag.h">
      <Filter>Header Files</Filter>
    </ClInclude>
  </ItemGroup>
  <ItemGroup>
    <ResourceCompile Include="TrecCode.rc">
      <Filter>Resource Files</Filter>
    </ResourceCompile>
  </ItemGroup>
</Project>