<?xml version="1.0" encoding="utf-8"?>
<Project ToolsVersion="4.0" xmlns="http://schemas.microsoft.com/developer/msbuild/2003">
  <ItemGroup>
    <Filter Include="Source Files">
      <UniqueIdentifier>{4FC737F1-C7A5-4376-A066-2A32D752A2FF}</UniqueIdentifier>
      <Extensions>cpp;c;cc;cxx;def;odl;idl;hpj;bat;asm;asmx</Extensions>
    </Filter>
    <Filter Include="Header Files">
      <UniqueIdentifier>{93995380-89BD-4b04-88EB-625FBE52EBFB}</UniqueIdentifier>
      <Extensions>h;hh;hpp;hxx;hm;inl;inc;ipp;xsd</Extensions>
    </Filter>
    <Filter Include="Resource Files">
      <UniqueIdentifier>{67DA6AB6-F800-4c08-8B7A-83BB121AAD01}</UniqueIdentifier>
      <Extensions>rc;ico;cur;bmp;dlg;rc2;rct;bin;rgs;gif;jpg;jpeg;jpe;resx;tiff;tif;png;wav;mfcribbon-ms</Extensions>
    </Filter>
  </ItemGroup>
  <ItemGroup>
    <ClInclude Include="framework.h">
      <Filter>Header Files</Filter>
    </ClInclude>
    <ClInclude Include="pch.h">
      <Filter>Header Files</Filter>
    </ClInclude>
    <ClInclude Include="AnagameDef.h">
      <Filter>Header Files</Filter>
    </ClInclude>
    <ClInclude Include="DirectoryInterface.h">
      <Filter>Header Files</Filter>
    </ClInclude>
    <ClInclude Include="HTML_Reader.h">
      <Filter>Header Files</Filter>
    </ClInclude>
    <ClInclude Include="Logger.h">
      <Filter>Header Files</Filter>
    </ClInclude>
    <ClInclude Include="ParseReader_.h">
      <Filter>Header Files</Filter>
    </ClInclude>
    <ClInclude Include="Parser_.h">
      <Filter>Header Files</Filter>
    </ClInclude>
    <ClInclude Include="TArray.h">
      <Filter>Header Files</Filter>
    </ClInclude>
    <ClInclude Include="TArrayBase.h">
      <Filter>Header Files</Filter>
    </ClInclude>
    <ClInclude Include="TDataArray.h">
      <Filter>Header Files</Filter>
    </ClInclude>
    <ClInclude Include="TDataArrayBase.h">
      <Filter>Header Files</Filter>
    </ClInclude>
    <ClInclude Include="TFile.h">
      <Filter>Header Files</Filter>
    </ClInclude>
    <ClInclude Include="TMap.h">
      <Filter>Header Files</Filter>
    </ClInclude>
    <ClInclude Include="TMapBase.h">
      <Filter>Header Files</Filter>
    </ClInclude>
    <ClInclude Include="TML_Reader_.h">
      <Filter>Header Files</Filter>
    </ClInclude>
    <ClInclude Include="TObject.h">
      <Filter>Header Files</Filter>
    </ClInclude>
    <ClInclude Include="TrecLib.h">
      <Filter>Header Files</Filter>
    </ClInclude>
    <ClInclude Include="TString.h">
      <Filter>Header Files</Filter>
    </ClInclude>
    <ClInclude Include="TrecReference.h">
      <Filter>Header Files</Filter>
    </ClInclude>
    <ClInclude Include="TPoint.h">
      <Filter>Header Files</Filter>
    </ClInclude>
    <ClInclude Include="TTrecPointerArray.h">
      <Filter>Header Files</Filter>
    </ClInclude>
    <ClInclude Include="Drawer.h">
      <Filter>Header Files</Filter>
    </ClInclude>
    <ClInclude Include="TShell.h">
      <Filter>Header Files</Filter>
    </ClInclude>
    <ClInclude Include="TObjectNode.h">
      <Filter>Header Files</Filter>
    </ClInclude>
    <ClInclude Include="TFileShell.h">
      <Filter>Header Files</Filter>
    </ClInclude>
    <ClInclude Include="TDirectory.h">
      <Filter>Header Files</Filter>
    </ClInclude>
    <ClInclude Include="TFileNode.h">
      <Filter>Header Files</Filter>
    </ClInclude>
    <ClInclude Include="TType.h">
      <Filter>Header Files</Filter>
    </ClInclude>
    <ClInclude Include="TPrimitiveType.h">
      <Filter>Header Files</Filter>
    </ClInclude>
    <ClInclude Include="TTypeMetadata.h">
      <Filter>Header Files</Filter>
    </ClInclude>
    <ClInclude Include="Animation.h">
      <Filter>Header Files</Filter>
    </ClInclude>
    <ClInclude Include="TTrecSoftPointerArray.h">
      <Filter>Header Files</Filter>
    </ClInclude>
    <ClInclude Include="Dragable.h">
      <Filter>Header Files</Filter>
    </ClInclude>
    <ClInclude Include="Configuration.h">
      <Filter>Header Files</Filter>
    </ClInclude>
    <ClInclude Include="PathConfiguration.h">
      <Filter>Header Files</Filter>
    </ClInclude>
    <ClInclude Include="TSocket.h">
      <Filter>Header Files</Filter>
    </ClInclude>
    <ClInclude Include="TServerSocket.h">
      <Filter>Header Files</Filter>
    </ClInclude>
    <ClInclude Include="TClientSocket.h">
      <Filter>Header Files</Filter>
    </ClInclude>
  </ItemGroup>
  <ItemGroup>
    <ClCompile Include="dllmain.cpp">
      <Filter>Source Files</Filter>
    </ClCompile>
    <ClCompile Include="pch.cpp">
      <Filter>Source Files</Filter>
    </ClCompile>
    <ClCompile Include="DirectoryInterface.cpp">
      <Filter>Source Files</Filter>
    </ClCompile>
    <ClCompile Include="HTML_Reader.cpp">
      <Filter>Source Files</Filter>
    </ClCompile>
    <ClCompile Include="Logger.cpp">
      <Filter>Source Files</Filter>
    </ClCompile>
    <ClCompile Include="ParseReader_.cpp">
      <Filter>Source Files</Filter>
    </ClCompile>
    <ClCompile Include="Parser_.cpp">
      <Filter>Source Files</Filter>
    </ClCompile>
    <ClCompile Include="TArrayBase.cpp">
      <Filter>Source Files</Filter>
    </ClCompile>
    <ClCompile Include="TDataArrayBase.cpp">
      <Filter>Source Files</Filter>
    </ClCompile>
    <ClCompile Include="TFile.cpp">
      <Filter>Source Files</Filter>
    </ClCompile>
    <ClCompile Include="TMapBase.cpp">
      <Filter>Source Files</Filter>
    </ClCompile>
    <ClCompile Include="TML_Reader_.cpp">
      <Filter>Source Files</Filter>
    </ClCompile>
    <ClCompile Include="TObject.cpp">
      <Filter>Source Files</Filter>
    </ClCompile>
    <ClCompile Include="TrecLib.cpp">
      <Filter>Source Files</Filter>
    </ClCompile>
    <ClCompile Include="TString.cpp">
      <Filter>Source Files</Filter>
    </ClCompile>
    <ClCompile Include="TPoint.cpp">
      <Filter>Source Files</Filter>
    </ClCompile>
    <ClCompile Include="Drawer.cpp">
      <Filter>Source Files</Filter>
    </ClCompile>
    <ClCompile Include="TShell.cpp">
      <Filter>Source Files</Filter>
    </ClCompile>
    <ClCompile Include="TObjectNode.cpp">
      <Filter>Source Files</Filter>
    </ClCompile>
    <ClCompile Include="TFileShell.cpp">
      <Filter>Source Files</Filter>
    </ClCompile>
    <ClCompile Include="TDirectory.cpp">
      <Filter>Source Files</Filter>
    </ClCompile>
    <ClCompile Include="TFileNode.cpp">
      <Filter>Source Files</Filter>
    </ClCompile>
    <ClCompile Include="TType.cpp">
      <Filter>Source Files</Filter>
    </ClCompile>
    <ClCompile Include="TPrimitiveType.cpp">
      <Filter>Source Files</Filter>
    </ClCompile>
    <ClCompile Include="TTypeMetadata.cpp">
      <Filter>Source Files</Filter>
    </ClCompile>
    <ClCompile Include="TAttribute.cpp">
      <Filter>Source Files</Filter>
    </ClCompile>
    <ClCompile Include="Animation.cpp">
      <Filter>Source Files</Filter>
    </ClCompile>
    <ClCompile Include="TControlComponent.cpp">
      <Filter>Source Files</Filter>
    </ClCompile>
    <ClCompile Include="Dragable.cpp">
      <Filter>Source Files</Filter>
    </ClCompile>
    <ClCompile Include="Configuration.cpp">
      <Filter>Source Files</Filter>
    </ClCompile>
    <ClCompile Include="PathConfiguration.cpp">
      <Filter>Source Files</Filter>
    </ClCompile>
    <ClCompile Include="TSocket.cpp">
      <Filter>Source Files</Filter>
    </ClCompile>
    <ClCompile Include="TServerSocket.cpp">
      <Filter>Source Files</Filter>
    </ClCompile>
    <ClCompile Include="TClientSocket.cpp">
      <Filter>Source Files</Filter>
    </ClCompile>
    <ClCompile Include="TrecReference.cpp">
      <Filter>Source Files</Filter>
    </ClCompile>
  </ItemGroup>
</Project>