<?xml version="1.0" encoding="utf-8"?>
<Project ToolsVersion="4.0" xmlns="http://schemas.microsoft.com/developer/msbuild/2003">
  <ItemGroup>
    <Filter Include="Source Files">
      <UniqueIdentifier>{4FC737F1-C7A5-4376-A066-2A32D752A2FF}</UniqueIdentifier>
      <Extensions>cpp;c;cc;cxx;def;odl;idl;hpj;bat;asm;asmx</Extensions>
    </Filter>
    <Filter Include="Header Files">
      <UniqueIdentifier>{93995380-89BD-4b04-88EB-625FBE52EBFB}</UniqueIdentifier>
      <Extensions>h;hh;hpp;hxx;hm;inl;inc;ipp;xsd</Extensions>
    </Filter>
    <Filter Include="Resource Files">
      <UniqueIdentifier>{67DA6AB6-F800-4c08-8B7A-83BB121AAD01}</UniqueIdentifier>
      <Extensions>rc;ico;cur;bmp;dlg;rc2;rct;bin;rgs;gif;jpg;jpeg;jpe;resx;tiff;tif;png;wav;mfcribbon-ms</Extensions>
    </Filter>
  </ItemGroup>
  <ItemGroup>
    <ClInclude Include="framework.h">
      <Filter>Header Files</Filter>
    </ClInclude>
    <ClInclude Include="pch.h">
      <Filter>Header Files</Filter>
    </ClInclude>
    <ClInclude Include="ArenaModel.h">
      <Filter>Header Files</Filter>
    </ClInclude>
    <ClInclude Include="TWindowEngine.h">
      <Filter>Header Files</Filter>
    </ClInclude>
    <ClInclude Include="TShaderHost.h">
      <Filter>Header Files</Filter>
    </ClInclude>
    <ClInclude Include="TShaderParser.h">
      <Filter>Header Files</Filter>
    </ClInclude>
    <ClInclude Include="TArenaEngine.h">
      <Filter>Header Files</Filter>
    </ClInclude>
    <ClInclude Include="TCamera.h">
      <Filter>Header Files</Filter>
    </ClInclude>
    <ClInclude Include="DrawingBoard.h">
      <Filter>Header Files</Filter>
    </ClInclude>
    <ClInclude Include="TColor.h">
      <Filter>Header Files</Filter>
    </ClInclude>
    <ClInclude Include="TBrush.h">
      <Filter>Header Files</Filter>
    </ClInclude>
    <ClInclude Include="Structure2D.h">
      <Filter>Header Files</Filter>
    </ClInclude>
    <ClInclude Include="TGradientStop.h">
      <Filter>Header Files</Filter>
    </ClInclude>
    <ClInclude Include="TGradientStopCollection.h">
      <Filter>Header Files</Filter>
    </ClInclude>
    <ClInclude Include="TGeometry.h">
      <Filter>Header Files</Filter>
    </ClInclude>
    <ClInclude Include="TBitmapBrush.h">
      <Filter>Header Files</Filter>
    </ClInclude>
  </ItemGroup>
  <ItemGroup>
    <ClCompile Include="dllmain.cpp">
      <Filter>Source Files</Filter>
    </ClCompile>
    <ClCompile Include="pch.cpp">
      <Filter>Source Files</Filter>
    </ClCompile>
    <ClCompile Include="ArenaModel.cpp">
      <Filter>Source Files</Filter>
    </ClCompile>
    <ClCompile Include="TWindowEngine.cpp">
      <Filter>Source Files</Filter>
    </ClCompile>
    <ClCompile Include="TShaderHost.cpp">
      <Filter>Source Files</Filter>
    </ClCompile>
    <ClCompile Include="TShaderParser.cpp">
      <Filter>Source Files</Filter>
    </ClCompile>
    <ClCompile Include="TArenaEngine.cpp">
      <Filter>Source Files</Filter>
    </ClCompile>
    <ClCompile Include="TCamera.cpp">
      <Filter>Source Files</Filter>
    </ClCompile>
    <ClCompile Include="DrawingBoard.cpp">
      <Filter>Source Files</Filter>
    </ClCompile>
    <ClCompile Include="TColor.cpp">
      <Filter>Source Files</Filter>
    </ClCompile>
    <ClCompile Include="TBrush.cpp">
      <Filter>Source Files</Filter>
    </ClCompile>
    <ClCompile Include="TGradientStop.cpp">
      <Filter>Source Files</Filter>
    </ClCompile>
    <ClCompile Include="TGradientStopCollection.cpp">
      <Filter>Source Files</Filter>
    </ClCompile>
    <ClCompile Include="TGeometry.cpp">
      <Filter>Source Files</Filter>
    </ClCompile>
    <ClCompile Include="TBitmapBrush.cpp">
      <Filter>Source Files</Filter>
    </ClCompile>
  </ItemGroup>
</Project>