<?xml version="1.0" encoding="utf-8"?>
<Project ToolsVersion="4.0" xmlns="http://schemas.microsoft.com/developer/msbuild/2003">
  <ItemGroup>
    <Filter Include="Source Files">
      <UniqueIdentifier>{4FC737F1-C7A5-4376-A066-2A32D752A2FF}</UniqueIdentifier>
      <Extensions>cpp;c;cc;cxx;def;odl;idl;hpj;bat;asm;asmx</Extensions>
    </Filter>
    <Filter Include="Header Files">
      <UniqueIdentifier>{93995380-89BD-4b04-88EB-625FBE52EBFB}</UniqueIdentifier>
      <Extensions>h;hh;hpp;hxx;hm;inl;inc;ipp;xsd</Extensions>
    </Filter>
    <Filter Include="Resource Files">
      <UniqueIdentifier>{67DA6AB6-F800-4c08-8B7A-83BB121AAD01}</UniqueIdentifier>
      <Extensions>rc;ico;cur;bmp;dlg;rc2;rct;bin;rgs;gif;jpg;jpeg;jpe;resx;tiff;tif;png;wav;mfcribbon-ms</Extensions>
    </Filter>
  </ItemGroup>
  <ItemGroup>
    <ClInclude Include="framework.h">
      <Filter>Header Files</Filter>
    </ClInclude>
    <ClInclude Include="pch.h">
      <Filter>Header Files</Filter>
    </ClInclude>
    <ClInclude Include="Anaface.h">
      <Filter>Header Files</Filter>
    </ClInclude>
    <ClInclude Include="AnafaceParser.h">
      <Filter>Header Files</Filter>
    </ClInclude>
    <ClInclude Include="AnafaceUI.h">
      <Filter>Header Files</Filter>
    </ClInclude>
    <ClInclude Include="ControlTypeSafety.h">
      <Filter>Header Files</Filter>
    </ClInclude>
    <ClInclude Include="EventTarget.h">
      <Filter>Header Files</Filter>
    </ClInclude>
    <ClInclude Include="GeoGroup.h">
      <Filter>Header Files</Filter>
    </ClInclude>
    <ClInclude Include="HTMLParser.h">
      <Filter>Header Files</Filter>
    </ClInclude>
    <ClInclude Include="Parser.h">
      <Filter>Header Files</Filter>
    </ClInclude>
    <ClInclude Include="ParseReader.h">
      <Filter>Header Files</Filter>
    </ClInclude>
    <ClInclude Include="SSGenerator.h">
      <Filter>Header Files</Filter>
    </ClInclude>
    <ClInclude Include="TArena.h">
      <Filter>Header Files</Filter>
    </ClInclude>
    <ClInclude Include="TCanvas.h">
      <Filter>Header Files</Filter>
    </ClInclude>
    <ClInclude Include="TCheckBox.h">
      <Filter>Header Files</Filter>
    </ClInclude>
    <ClInclude Include="TComboBox.h">
      <Filter>Header Files</Filter>
    </ClInclude>
    <ClInclude Include="TContextMenu.h">
      <Filter>Header Files</Filter>
    </ClInclude>
    <ClInclude Include="TControl.h">
      <Filter>Header Files</Filter>
    </ClInclude>
    <ClInclude Include="TCurveGeometry.h">
      <Filter>Header Files</Filter>
    </ClInclude>
    <ClInclude Include="TDataBind.h">
      <Filter>Header Files</Filter>
    </ClInclude>
    <ClInclude Include="TDropMenu.h">
      <Filter>Header Files</Filter>
    </ClInclude>
    <ClInclude Include="TEllipseGeometry.h">
      <Filter>Header Files</Filter>
    </ClInclude>
    <ClInclude Include="TFlyout.h">
      <Filter>Header Files</Filter>
    </ClInclude>
    <ClInclude Include="TGadgetControl.h">
      <Filter>Header Files</Filter>
    </ClInclude>
    <ClInclude Include="TGeometry.h">
      <Filter>Header Files</Filter>
    </ClInclude>
    <ClInclude Include="TImage.h">
      <Filter>Header Files</Filter>
    </ClInclude>
    <ClInclude Include="TLayout.h">
      <Filter>Header Files</Filter>
    </ClInclude>
    <ClInclude Include="TLayoutEx.h">
      <Filter>Header Files</Filter>
    </ClInclude>
    <ClInclude Include="TLineGeometry.h">
      <Filter>Header Files</Filter>
    </ClInclude>
    <ClInclude Include="TPathGeometry.h">
      <Filter>Header Files</Filter>
    </ClInclude>
    <ClInclude Include="TRadioButton.h">
      <Filter>Header Files</Filter>
    </ClInclude>
    <ClInclude Include="TRectangleGeometry.h">
      <Filter>Header Files</Filter>
    </ClInclude>
    <ClInclude Include="TScrollBar.h">
      <Filter>Header Files</Filter>
    </ClInclude>
    <ClInclude Include="TSliderControl.h">
      <Filter>Header Files</Filter>
    </ClInclude>
    <ClInclude Include="TSpreadSheet.h">
      <Filter>Header Files</Filter>
    </ClInclude>
    <ClInclude Include="TTextField.h">
      <Filter>Header Files</Filter>
    </ClInclude>
    <ClInclude Include="TPromptControl.h">
      <Filter>Header Files</Filter>
    </ClInclude>
    <ClInclude Include="TTreeDataBind.h">
      <Filter>Header Files</Filter>
    </ClInclude>
    <ClInclude Include="TScrollerControl.h">
      <Filter>Header Files</Filter>
    </ClInclude>
  </ItemGroup>
  <ItemGroup>
    <ClCompile Include="dllmain.cpp">
      <Filter>Source Files</Filter>
    </ClCompile>
    <ClCompile Include="pch.cpp">
      <Filter>Source Files</Filter>
    </ClCompile>
    <ClCompile Include="AnafaceParser.cpp">
      <Filter>Source Files</Filter>
    </ClCompile>
    <ClCompile Include="AnafaceUI.cpp">
      <Filter>Source Files</Filter>
    </ClCompile>
    <ClCompile Include="ControlTypeSafety.cpp">
      <Filter>Source Files</Filter>
    </ClCompile>
    <ClCompile Include="EventTarget.cpp">
      <Filter>Source Files</Filter>
    </ClCompile>
    <ClCompile Include="GeoGroup.cpp">
      <Filter>Source Files</Filter>
    </ClCompile>
    <ClCompile Include="HTMLParser.cpp">
      <Filter>Source Files</Filter>
    </ClCompile>
    <ClCompile Include="Parser.cpp">
      <Filter>Source Files</Filter>
    </ClCompile>
    <ClCompile Include="ParseReader.cpp">
      <Filter>Source Files</Filter>
    </ClCompile>
    <ClCompile Include="SSGenerator.cpp">
      <Filter>Source Files</Filter>
    </ClCompile>
    <ClCompile Include="TArena.cpp">
      <Filter>Source Files</Filter>
    </ClCompile>
    <ClCompile Include="TCanvas.cpp">
      <Filter>Source Files</Filter>
    </ClCompile>
    <ClCompile Include="TCheckBox.cpp">
      <Filter>Source Files</Filter>
    </ClCompile>
    <ClCompile Include="TComboBox.cpp">
      <Filter>Source Files</Filter>
    </ClCompile>
    <ClCompile Include="TContextMenu.cpp">
      <Filter>Source Files</Filter>
    </ClCompile>
    <ClCompile Include="TControl.cpp">
      <Filter>Source Files</Filter>
    </ClCompile>
    <ClCompile Include="TCurveGeometry.cpp">
      <Filter>Source Files</Filter>
    </ClCompile>
    <ClCompile Include="TDataBind.cpp">
      <Filter>Source Files</Filter>
    </ClCompile>
    <ClCompile Include="TDropMenu.cpp">
      <Filter>Source Files</Filter>
    </ClCompile>
    <ClCompile Include="TEllipseGeometry.cpp">
      <Filter>Source Files</Filter>
    </ClCompile>
    <ClCompile Include="TFlyout.cpp">
      <Filter>Source Files</Filter>
    </ClCompile>
    <ClCompile Include="TGadgetControl.cpp">
      <Filter>Source Files</Filter>
    </ClCompile>
    <ClCompile Include="TGeometry.cpp">
      <Filter>Source Files</Filter>
    </ClCompile>
    <ClCompile Include="TImage.cpp">
      <Filter>Source Files</Filter>
    </ClCompile>
    <ClCompile Include="TLayout.cpp">
      <Filter>Source Files</Filter>
    </ClCompile>
    <ClCompile Include="TLayoutEx.cpp">
      <Filter>Source Files</Filter>
    </ClCompile>
    <ClCompile Include="TLineGeometry.cpp">
      <Filter>Source Files</Filter>
    </ClCompile>
    <ClCompile Include="TPathGeometry.cpp">
      <Filter>Source Files</Filter>
    </ClCompile>
    <ClCompile Include="TRadioButton.cpp">
      <Filter>Source Files</Filter>
    </ClCompile>
    <ClCompile Include="TRectangleGeometry.cpp">
      <Filter>Source Files</Filter>
    </ClCompile>
    <ClCompile Include="TScrollBar.cpp">
      <Filter>Source Files</Filter>
    </ClCompile>
    <ClCompile Include="TSliderControl.cpp">
      <Filter>Source Files</Filter>
    </ClCompile>
    <ClCompile Include="TSpreadSheet.cpp">
      <Filter>Source Files</Filter>
    </ClCompile>
    <ClCompile Include="TTextField.cpp">
      <Filter>Source Files</Filter>
    </ClCompile>
    <ClCompile Include="TPromptControl.cpp">
      <Filter>Source Files</Filter>
    </ClCompile>
    <ClCompile Include="TTreeDataBind.cpp">
      <Filter>Source Files</Filter>
    </ClCompile>
    <ClCompile Include="TScrollerControl.cpp">
      <Filter>Source Files</Filter>
    </ClCompile>
  </ItemGroup>
</Project>